
Microsoft Visual Studio Solution File, Format Version 12.00
Project("{FAE04EC0-301F-11D3-BF4B-00C04F79EFBC}") = "Alternativa.Api", "Alternativa.Api\Alternativa.Api.csproj", "{92490FFA-31FA-4C4A-85C9-459443127E53}"
EndProject
Project("{2150E333-8FDC-42A3-9474-1A3956D46DE8}") = "solution-files", "solution-files", "{8D95BB77-AA63-4F40-BA5D-F6A59AAD156B}"
	ProjectSection(SolutionItems) = preProject
		Dockerfile = Dockerfile
	EndProjectSection
EndProject
Global
	GlobalSection(SolutionConfigurationPlatforms) = preSolution
		Debug|Any CPU = Debug|Any CPU
		Debug|x64 = Debug|x64
		Debug|x86 = Debug|x86
		Release|Any CPU = Release|Any CPU
		Release|x64 = Release|x64
		Release|x86 = Release|x86
	EndGlobalSection
	GlobalSection(ProjectConfigurationPlatforms) = postSolution
		{92490FFA-31FA-4C4A-85C9-459443127E53}.Debug|Any CPU.ActiveCfg = Debug|Any CPU
		{92490FFA-31FA-4C4A-85C9-459443127E53}.Debug|Any CPU.Build.0 = Debug|Any CPU
		{92490FFA-31FA-4C4A-85C9-459443127E53}.Debug|x64.ActiveCfg = Debug|Any CPU
		{92490FFA-31FA-4C4A-85C9-459443127E53}.Debug|x64.Build.0 = Debug|Any CPU
		{92490FFA-31FA-4C4A-85C9-459443127E53}.Debug|x86.ActiveCfg = Debug|Any CPU
		{92490FFA-31FA-4C4A-85C9-459443127E53}.Debug|x86.Build.0 = Debug|Any CPU
		{92490FFA-31FA-4C4A-85C9-459443127E53}.Release|Any CPU.ActiveCfg = Release|Any CPU
		{92490FFA-31FA-4C4A-85C9-459443127E53}.Release|Any CPU.Build.0 = Release|Any CPU
		{92490FFA-31FA-4C4A-85C9-459443127E53}.Release|x64.ActiveCfg = Release|Any CPU
		{92490FFA-31FA-4C4A-85C9-459443127E53}.Release|x64.Build.0 = Release|Any CPU
		{92490FFA-31FA-4C4A-85C9-459443127E53}.Release|x86.ActiveCfg = Release|Any CPU
		{92490FFA-31FA-4C4A-85C9-459443127E53}.Release|x86.Build.0 = Release|Any CPU
	EndGlobalSection
	GlobalSection(SolutionProperties) = preSolution
		HideSolutionNode = FALSE
	EndGlobalSection
EndGlobal
